
Microsoft Visual Studio Solution File, Format Version 12.00
# Visual Studio Version 16
VisualStudioVersion = 16.0.31321.278
MinimumVisualStudioVersion = 10.0.40219.1
Project("{FAE04EC0-301F-11D3-BF4B-00C04F79EFBC}") = "BulkyBook_MVCApp", "BulkyBook_MVCApp\BulkyBook_MVCApp.csproj", "{1BF34944-92D3-432D-B7CD-02690AAA6767}"
EndProject
Global
	GlobalSection(SolutionConfigurationPlatforms) = preSolution
		Debug|Any CPU = Debug|Any CPU
		Release|Any CPU = Release|Any CPU
	EndGlobalSection
	GlobalSection(ProjectConfigurationPlatforms) = postSolution
		{1BF34944-92D3-432D-B7CD-02690AAA6767}.Debug|Any CPU.ActiveCfg = Debug|Any CPU
		{1BF34944-92D3-432D-B7CD-02690AAA6767}.Debug|Any CPU.Build.0 = Debug|Any CPU
		{1BF34944-92D3-432D-B7CD-02690AAA6767}.Release|Any CPU.ActiveCfg = Release|Any CPU
		{1BF34944-92D3-432D-B7CD-02690AAA6767}.Release|Any CPU.Build.0 = Release|Any CPU
	EndGlobalSection
	GlobalSection(SolutionProperties) = preSolution
		HideSolutionNode = FALSE
	EndGlobalSection
	GlobalSection(ExtensibilityGlobals) = postSolution
		SolutionGuid = {BE614CA2-2730-485E-8470-2B859920B740}
	EndGlobalSection
EndGlobal
